// !$*UTF8*$!
{
	archiveVersion = 1;
	classes = {
	};
	objectVersion = 56;
	objects = {

/* Begin PBXBuildFile section */
		D83EFA322AFCEECF004ABB03 /* AppDelegate.swift in Sources */ = {isa = PBXBuildFile; fileRef = D83EFA312AFCEECF004ABB03 /* AppDelegate.swift */; };
		D83EFA342AFCEECF004ABB03 /* SceneDelegate.swift in Sources */ = {isa = PBXBuildFile; fileRef = D83EFA332AFCEECF004ABB03 /* SceneDelegate.swift */; };
		D83EFA3B2AFCEED0004ABB03 /* Assets.xcassets in Resources */ = {isa = PBXBuildFile; fileRef = D83EFA3A2AFCEED0004ABB03 /* Assets.xcassets */; };
		D83EFA3E2AFCEED0004ABB03 /* LaunchScreen.storyboard in Resources */ = {isa = PBXBuildFile; fileRef = D83EFA3C2AFCEED0004ABB03 /* LaunchScreen.storyboard */; };
		D83EFA472AFCEF3D004ABB03 /* iTuneTabBarController.swift in Sources */ = {isa = PBXBuildFile; fileRef = D83EFA462AFCEF3D004ABB03 /* iTuneTabBarController.swift */; };
		D83EFA492AFCEF49004ABB03 /* iTuneViewController.swift in Sources */ = {isa = PBXBuildFile; fileRef = D83EFA482AFCEF49004ABB03 /* iTuneViewController.swift */; };
		D83EFA4B2AFCEFBE004ABB03 /* iTuneSampleViewController.swift in Sources */ = {isa = PBXBuildFile; fileRef = D83EFA4A2AFCEFBE004ABB03 /* iTuneSampleViewController.swift */; };
		D83EFA4E2AFCF094004ABB03 /* SnapKit in Frameworks */ = {isa = PBXBuildFile; productRef = D83EFA4D2AFCF094004ABB03 /* SnapKit */; };
		D83EFA512AFCF09A004ABB03 /* Kingfisher in Frameworks */ = {isa = PBXBuildFile; productRef = D83EFA502AFCF09A004ABB03 /* Kingfisher */; };
		D83EFA542AFCF0B4004ABB03 /* RxCocoa in Frameworks */ = {isa = PBXBuildFile; productRef = D83EFA532AFCF0B4004ABB03 /* RxCocoa */; };
		D83EFA562AFCF0B4004ABB03 /* RxRelay in Frameworks */ = {isa = PBXBuildFile; productRef = D83EFA552AFCF0B4004ABB03 /* RxRelay */; };
		D83EFA582AFCF0B4004ABB03 /* RxSwift in Frameworks */ = {isa = PBXBuildFile; productRef = D83EFA572AFCF0B4004ABB03 /* RxSwift */; };
		D83EFA5B2AFCF27D004ABB03 /* iTuneCollectionViewCell.swift in Sources */ = {isa = PBXBuildFile; fileRef = D83EFA5A2AFCF27D004ABB03 /* iTuneCollectionViewCell.swift */; };
		D83EFA5E2AFCF300004ABB03 /* ReusableViewProtocol.swift in Sources */ = {isa = PBXBuildFile; fileRef = D83EFA5D2AFCF300004ABB03 /* ReusableViewProtocol.swift */; };
		D83EFA612AFCF506004ABB03 /* iTuneAPIManager.swift in Sources */ = {isa = PBXBuildFile; fileRef = D83EFA602AFCF506004ABB03 /* iTuneAPIManager.swift */; };
		D83EFA642AFCF9F7004ABB03 /* RxDataSources in Frameworks */ = {isa = PBXBuildFile; productRef = D83EFA632AFCF9F7004ABB03 /* RxDataSources */; };
		D83EFA662AFD03C9004ABB03 /* AppDetailViewController.swift in Sources */ = {isa = PBXBuildFile; fileRef = D83EFA652AFD03C9004ABB03 /* AppDetailViewController.swift */; };
		D83EFA692AFD0A44004ABB03 /* AppData.swift in Sources */ = {isa = PBXBuildFile; fileRef = D83EFA682AFD0A44004ABB03 /* AppData.swift */; };
		D83EFA6C2AFD0B4F004ABB03 /* Moya in Frameworks */ = {isa = PBXBuildFile; productRef = D83EFA6B2AFD0B4F004ABB03 /* Moya */; };
		D83EFA6E2AFD0B4F004ABB03 /* RxMoya in Frameworks */ = {isa = PBXBuildFile; productRef = D83EFA6D2AFD0B4F004ABB03 /* RxMoya */; };
		D83EFA702AFD0DC0004ABB03 /* iTuneAPI.swift in Sources */ = {isa = PBXBuildFile; fileRef = D83EFA6F2AFD0DC0004ABB03 /* iTuneAPI.swift */; };
/* End PBXBuildFile section */

/* Begin PBXFileReference section */
		D83EFA2E2AFCEECF004ABB03 /* iTuneSearch.app */ = {isa = PBXFileReference; explicitFileType = wrapper.application; includeInIndex = 0; path = iTuneSearch.app; sourceTree = BUILT_PRODUCTS_DIR; };
		D83EFA312AFCEECF004ABB03 /* AppDelegate.swift */ = {isa = PBXFileReference; lastKnownFileType = sourcecode.swift; path = AppDelegate.swift; sourceTree = "<group>"; };
		D83EFA332AFCEECF004ABB03 /* SceneDelegate.swift */ = {isa = PBXFileReference; lastKnownFileType = sourcecode.swift; path = SceneDelegate.swift; sourceTree = "<group>"; };
		D83EFA3A2AFCEED0004ABB03 /* Assets.xcassets */ = {isa = PBXFileReference; lastKnownFileType = folder.assetcatalog; path = Assets.xcassets; sourceTree = "<group>"; };
		D83EFA3D2AFCEED0004ABB03 /* Base */ = {isa = PBXFileReference; lastKnownFileType = file.storyboard; name = Base; path = Base.lproj/LaunchScreen.storyboard; sourceTree = "<group>"; };
		D83EFA3F2AFCEED0004ABB03 /* Info.plist */ = {isa = PBXFileReference; lastKnownFileType = text.plist.xml; path = Info.plist; sourceTree = "<group>"; };
		D83EFA462AFCEF3D004ABB03 /* iTuneTabBarController.swift */ = {isa = PBXFileReference; lastKnownFileType = sourcecode.swift; path = iTuneTabBarController.swift; sourceTree = "<group>"; };
		D83EFA482AFCEF49004ABB03 /* iTuneViewController.swift */ = {isa = PBXFileReference; lastKnownFileType = sourcecode.swift; path = iTuneViewController.swift; sourceTree = "<group>"; };
		D83EFA4A2AFCEFBE004ABB03 /* iTuneSampleViewController.swift */ = {isa = PBXFileReference; lastKnownFileType = sourcecode.swift; path = iTuneSampleViewController.swift; sourceTree = "<group>"; };
		D83EFA5A2AFCF27D004ABB03 /* iTuneCollectionViewCell.swift */ = {isa = PBXFileReference; lastKnownFileType = sourcecode.swift; path = iTuneCollectionViewCell.swift; sourceTree = "<group>"; };
		D83EFA5D2AFCF300004ABB03 /* ReusableViewProtocol.swift */ = {isa = PBXFileReference; lastKnownFileType = sourcecode.swift; path = ReusableViewProtocol.swift; sourceTree = "<group>"; };
		D83EFA602AFCF506004ABB03 /* iTuneAPIManager.swift */ = {isa = PBXFileReference; lastKnownFileType = sourcecode.swift; path = iTuneAPIManager.swift; sourceTree = "<group>"; };
		D83EFA652AFD03C9004ABB03 /* AppDetailViewController.swift */ = {isa = PBXFileReference; lastKnownFileType = sourcecode.swift; path = AppDetailViewController.swift; sourceTree = "<group>"; };
		D83EFA682AFD0A44004ABB03 /* AppData.swift */ = {isa = PBXFileReference; lastKnownFileType = sourcecode.swift; path = AppData.swift; sourceTree = "<group>"; };
		D83EFA6F2AFD0DC0004ABB03 /* iTuneAPI.swift */ = {isa = PBXFileReference; lastKnownFileType = sourcecode.swift; path = iTuneAPI.swift; sourceTree = "<group>"; };
/* End PBXFileReference section */

/* Begin PBXFrameworksBuildPhase section */
		D83EFA2B2AFCEECF004ABB03 /* Frameworks */ = {
			isa = PBXFrameworksBuildPhase;
			buildActionMask = 2147483647;
			files = (
				D83EFA542AFCF0B4004ABB03 /* RxCocoa in Frameworks */,
				D83EFA512AFCF09A004ABB03 /* Kingfisher in Frameworks */,
				D83EFA582AFCF0B4004ABB03 /* RxSwift in Frameworks */,
				D83EFA642AFCF9F7004ABB03 /* RxDataSources in Frameworks */,
				D83EFA562AFCF0B4004ABB03 /* RxRelay in Frameworks */,
				D83EFA6C2AFD0B4F004ABB03 /* Moya in Frameworks */,
				D83EFA6E2AFD0B4F004ABB03 /* RxMoya in Frameworks */,
				D83EFA4E2AFCF094004ABB03 /* SnapKit in Frameworks */,
			);
			runOnlyForDeploymentPostprocessing = 0;
		};
/* End PBXFrameworksBuildPhase section */

/* Begin PBXGroup section */
		D83EFA252AFCEECF004ABB03 = {
			isa = PBXGroup;
			children = (
				D83EFA302AFCEECF004ABB03 /* iTuneSearch */,
				D83EFA2F2AFCEECF004ABB03 /* Products */,
			);
			sourceTree = "<group>";
		};
		D83EFA2F2AFCEECF004ABB03 /* Products */ = {
			isa = PBXGroup;
			children = (
				D83EFA2E2AFCEECF004ABB03 /* iTuneSearch.app */,
			);
			name = Products;
			sourceTree = "<group>";
		};
		D83EFA302AFCEECF004ABB03 /* iTuneSearch */ = {
			isa = PBXGroup;
			children = (
				D83EFA5F2AFCF4DF004ABB03 /* Network */,
				D83EFA5C2AFCF2E9004ABB03 /* Protocol */,
				D83EFA452AFCEF32004ABB03 /* Scene */,
				D83EFA312AFCEECF004ABB03 /* AppDelegate.swift */,
				D83EFA332AFCEECF004ABB03 /* SceneDelegate.swift */,
				D83EFA3A2AFCEED0004ABB03 /* Assets.xcassets */,
				D83EFA3C2AFCEED0004ABB03 /* LaunchScreen.storyboard */,
				D83EFA3F2AFCEED0004ABB03 /* Info.plist */,
			);
			path = iTuneSearch;
			sourceTree = "<group>";
		};
		D83EFA452AFCEF32004ABB03 /* Scene */ = {
			isa = PBXGroup;
			children = (
				D83EFA462AFCEF3D004ABB03 /* iTuneTabBarController.swift */,
				D83EFA592AFCF264004ABB03 /* Search */,
				D83EFA672AFD03CD004ABB03 /* Detail */,
				D83EFA4A2AFCEFBE004ABB03 /* iTuneSampleViewController.swift */,
			);
			path = Scene;
			sourceTree = "<group>";
		};
		D83EFA592AFCF264004ABB03 /* Search */ = {
			isa = PBXGroup;
			children = (
				D83EFA482AFCEF49004ABB03 /* iTuneViewController.swift */,
				D83EFA5A2AFCF27D004ABB03 /* iTuneCollectionViewCell.swift */,
			);
			path = Search;
			sourceTree = "<group>";
		};
		D83EFA5C2AFCF2E9004ABB03 /* Protocol */ = {
			isa = PBXGroup;
			children = (
				D83EFA5D2AFCF300004ABB03 /* ReusableViewProtocol.swift */,
			);
			path = Protocol;
			sourceTree = "<group>";
		};
		D83EFA5F2AFCF4DF004ABB03 /* Network */ = {
			isa = PBXGroup;
			children = (
				D83EFA602AFCF506004ABB03 /* iTuneAPIManager.swift */,
				D83EFA682AFD0A44004ABB03 /* AppData.swift */,
				D83EFA6F2AFD0DC0004ABB03 /* iTuneAPI.swift */,
			);
			path = Network;
			sourceTree = "<group>";
		};
		D83EFA672AFD03CD004ABB03 /* Detail */ = {
			isa = PBXGroup;
			children = (
				D83EFA652AFD03C9004ABB03 /* AppDetailViewController.swift */,
			);
			path = Detail;
			sourceTree = "<group>";
		};
/* End PBXGroup section */

/* Begin PBXNativeTarget section */
		D83EFA2D2AFCEECF004ABB03 /* iTuneSearch */ = {
			isa = PBXNativeTarget;
			buildConfigurationList = D83EFA422AFCEED0004ABB03 /* Build configuration list for PBXNativeTarget "iTuneSearch" */;
			buildPhases = (
				D83EFA2A2AFCEECF004ABB03 /* Sources */,
				D83EFA2B2AFCEECF004ABB03 /* Frameworks */,
				D83EFA2C2AFCEECF004ABB03 /* Resources */,
			);
			buildRules = (
			);
			dependencies = (
			);
			name = iTuneSearch;
			packageProductDependencies = (
				D83EFA4D2AFCF094004ABB03 /* SnapKit */,
				D83EFA502AFCF09A004ABB03 /* Kingfisher */,
				D83EFA532AFCF0B4004ABB03 /* RxCocoa */,
				D83EFA552AFCF0B4004ABB03 /* RxRelay */,
				D83EFA572AFCF0B4004ABB03 /* RxSwift */,
				D83EFA632AFCF9F7004ABB03 /* RxDataSources */,
				D83EFA6B2AFD0B4F004ABB03 /* Moya */,
				D83EFA6D2AFD0B4F004ABB03 /* RxMoya */,
			);
			productName = iTuneSearch;
			productReference = D83EFA2E2AFCEECF004ABB03 /* iTuneSearch.app */;
			productType = "com.apple.product-type.application";
		};
/* End PBXNativeTarget section */

/* Begin PBXProject section */
		D83EFA262AFCEECF004ABB03 /* Project object */ = {
			isa = PBXProject;
			attributes = {
				BuildIndependentTargetsInParallel = 1;
				LastSwiftUpdateCheck = 1500;
				LastUpgradeCheck = 1500;
				TargetAttributes = {
					D83EFA2D2AFCEECF004ABB03 = {
						CreatedOnToolsVersion = 15.0.1;
					};
				};
			};
			buildConfigurationList = D83EFA292AFCEECF004ABB03 /* Build configuration list for PBXProject "iTuneSearch" */;
			compatibilityVersion = "Xcode 14.0";
			developmentRegion = en;
			hasScannedForEncodings = 0;
			knownRegions = (
				en,
				Base,
			);
			mainGroup = D83EFA252AFCEECF004ABB03;
			packageReferences = (
				D83EFA4C2AFCF094004ABB03 /* XCRemoteSwiftPackageReference "SnapKit" */,
				D83EFA4F2AFCF09A004ABB03 /* XCRemoteSwiftPackageReference "Kingfisher" */,
				D83EFA522AFCF0B4004ABB03 /* XCRemoteSwiftPackageReference "RxSwift" */,
				D83EFA622AFCF9F7004ABB03 /* XCRemoteSwiftPackageReference "RxDataSources" */,
				D83EFA6A2AFD0B4F004ABB03 /* XCRemoteSwiftPackageReference "Moya" */,
			);
			productRefGroup = D83EFA2F2AFCEECF004ABB03 /* Products */;
			projectDirPath = "";
			projectRoot = "";
			targets = (
				D83EFA2D2AFCEECF004ABB03 /* iTuneSearch */,
			);
		};
/* End PBXProject section */

/* Begin PBXResourcesBuildPhase section */
		D83EFA2C2AFCEECF004ABB03 /* Resources */ = {
			isa = PBXResourcesBuildPhase;
			buildActionMask = 2147483647;
			files = (
				D83EFA3E2AFCEED0004ABB03 /* LaunchScreen.storyboard in Resources */,
				D83EFA3B2AFCEED0004ABB03 /* Assets.xcassets in Resources */,
			);
			runOnlyForDeploymentPostprocessing = 0;
		};
/* End PBXResourcesBuildPhase section */

/* Begin PBXSourcesBuildPhase section */
		D83EFA2A2AFCEECF004ABB03 /* Sources */ = {
			isa = PBXSourcesBuildPhase;
			buildActionMask = 2147483647;
			files = (
				D83EFA662AFD03C9004ABB03 /* AppDetailViewController.swift in Sources */,
				D83EFA4B2AFCEFBE004ABB03 /* iTuneSampleViewController.swift in Sources */,
				D83EFA322AFCEECF004ABB03 /* AppDelegate.swift in Sources */,
				D83EFA612AFCF506004ABB03 /* iTuneAPIManager.swift in Sources */,
				D83EFA492AFCEF49004ABB03 /* iTuneViewController.swift in Sources */,
				D83EFA342AFCEECF004ABB03 /* SceneDelegate.swift in Sources */,
				D83EFA5E2AFCF300004ABB03 /* ReusableViewProtocol.swift in Sources */,
				D83EFA5B2AFCF27D004ABB03 /* iTuneCollectionViewCell.swift in Sources */,
				D83EFA472AFCEF3D004ABB03 /* iTuneTabBarController.swift in Sources */,
				D83EFA702AFD0DC0004ABB03 /* iTuneAPI.swift in Sources */,
				D83EFA692AFD0A44004ABB03 /* AppData.swift in Sources */,
			);
			runOnlyForDeploymentPostprocessing = 0;
		};
/* End PBXSourcesBuildPhase section */

/* Begin PBXVariantGroup section */
		D83EFA3C2AFCEED0004ABB03 /* LaunchScreen.storyboard */ = {
			isa = PBXVariantGroup;
			children = (
				D83EFA3D2AFCEED0004ABB03 /* Base */,
			);
			name = LaunchScreen.storyboard;
			sourceTree = "<group>";
		};
/* End PBXVariantGroup section */

/* Begin XCBuildConfiguration section */
		D83EFA402AFCEED0004ABB03 /* Debug */ = {
			isa = XCBuildConfiguration;
			buildSettings = {
				ALWAYS_SEARCH_USER_PATHS = NO;
				ASSETCATALOG_COMPILER_GENERATE_SWIFT_ASSET_SYMBOL_EXTENSIONS = YES;
				CLANG_ANALYZER_NONNULL = YES;
				CLANG_ANALYZER_NUMBER_OBJECT_CONVERSION = YES_AGGRESSIVE;
				CLANG_CXX_LANGUAGE_STANDARD = "gnu++20";
				CLANG_ENABLE_MODULES = YES;
				CLANG_ENABLE_OBJC_ARC = YES;
				CLANG_ENABLE_OBJC_WEAK = YES;
				CLANG_WARN_BLOCK_CAPTURE_AUTORELEASING = YES;
				CLANG_WARN_BOOL_CONVERSION = YES;
				CLANG_WARN_COMMA = YES;
				CLANG_WARN_CONSTANT_CONVERSION = YES;
				CLANG_WARN_DEPRECATED_OBJC_IMPLEMENTATIONS = YES;
				CLANG_WARN_DIRECT_OBJC_ISA_USAGE = YES_ERROR;
				CLANG_WARN_DOCUMENTATION_COMMENTS = YES;
				CLANG_WARN_EMPTY_BODY = YES;
				CLANG_WARN_ENUM_CONVERSION = YES;
				CLANG_WARN_INFINITE_RECURSION = YES;
				CLANG_WARN_INT_CONVERSION = YES;
				CLANG_WARN_NON_LITERAL_NULL_CONVERSION = YES;
				CLANG_WARN_OBJC_IMPLICIT_RETAIN_SELF = YES;
				CLANG_WARN_OBJC_LITERAL_CONVERSION = YES;
				CLANG_WARN_OBJC_ROOT_CLASS = YES_ERROR;
				CLANG_WARN_QUOTED_INCLUDE_IN_FRAMEWORK_HEADER = YES;
				CLANG_WARN_RANGE_LOOP_ANALYSIS = YES;
				CLANG_WARN_STRICT_PROTOTYPES = YES;
				CLANG_WARN_SUSPICIOUS_MOVE = YES;
				CLANG_WARN_UNGUARDED_AVAILABILITY = YES_AGGRESSIVE;
				CLANG_WARN_UNREACHABLE_CODE = YES;
				CLANG_WARN__DUPLICATE_METHOD_MATCH = YES;
				COPY_PHASE_STRIP = NO;
				DEBUG_INFORMATION_FORMAT = dwarf;
				ENABLE_STRICT_OBJC_MSGSEND = YES;
				ENABLE_TESTABILITY = YES;
				ENABLE_USER_SCRIPT_SANDBOXING = YES;
				GCC_C_LANGUAGE_STANDARD = gnu17;
				GCC_DYNAMIC_NO_PIC = NO;
				GCC_NO_COMMON_BLOCKS = YES;
				GCC_OPTIMIZATION_LEVEL = 0;
				GCC_PREPROCESSOR_DEFINITIONS = (
					"DEBUG=1",
					"$(inherited)",
				);
				GCC_WARN_64_TO_32_BIT_CONVERSION = YES;
				GCC_WARN_ABOUT_RETURN_TYPE = YES_ERROR;
				GCC_WARN_UNDECLARED_SELECTOR = YES;
				GCC_WARN_UNINITIALIZED_AUTOS = YES_AGGRESSIVE;
				GCC_WARN_UNUSED_FUNCTION = YES;
				GCC_WARN_UNUSED_VARIABLE = YES;
				IPHONEOS_DEPLOYMENT_TARGET = 17.0;
				LOCALIZATION_PREFERS_STRING_CATALOGS = YES;
				MTL_ENABLE_DEBUG_INFO = INCLUDE_SOURCE;
				MTL_FAST_MATH = YES;
				ONLY_ACTIVE_ARCH = YES;
				SDKROOT = iphoneos;
				SWIFT_ACTIVE_COMPILATION_CONDITIONS = "DEBUG $(inherited)";
				SWIFT_OPTIMIZATION_LEVEL = "-Onone";
			};
			name = Debug;
		};
		D83EFA412AFCEED0004ABB03 /* Release */ = {
			isa = XCBuildConfiguration;
			buildSettings = {
				ALWAYS_SEARCH_USER_PATHS = NO;
				ASSETCATALOG_COMPILER_GENERATE_SWIFT_ASSET_SYMBOL_EXTENSIONS = YES;
				CLANG_ANALYZER_NONNULL = YES;
				CLANG_ANALYZER_NUMBER_OBJECT_CONVERSION = YES_AGGRESSIVE;
				CLANG_CXX_LANGUAGE_STANDARD = "gnu++20";
				CLANG_ENABLE_MODULES = YES;
				CLANG_ENABLE_OBJC_ARC = YES;
				CLANG_ENABLE_OBJC_WEAK = YES;
				CLANG_WARN_BLOCK_CAPTURE_AUTORELEASING = YES;
				CLANG_WARN_BOOL_CONVERSION = YES;
				CLANG_WARN_COMMA = YES;
				CLANG_WARN_CONSTANT_CONVERSION = YES;
				CLANG_WARN_DEPRECATED_OBJC_IMPLEMENTATIONS = YES;
				CLANG_WARN_DIRECT_OBJC_ISA_USAGE = YES_ERROR;
				CLANG_WARN_DOCUMENTATION_COMMENTS = YES;
				CLANG_WARN_EMPTY_BODY = YES;
				CLANG_WARN_ENUM_CONVERSION = YES;
				CLANG_WARN_INFINITE_RECURSION = YES;
				CLANG_WARN_INT_CONVERSION = YES;
				CLANG_WARN_NON_LITERAL_NULL_CONVERSION = YES;
				CLANG_WARN_OBJC_IMPLICIT_RETAIN_SELF = YES;
				CLANG_WARN_OBJC_LITERAL_CONVERSION = YES;
				CLANG_WARN_OBJC_ROOT_CLASS = YES_ERROR;
				CLANG_WARN_QUOTED_INCLUDE_IN_FRAMEWORK_HEADER = YES;
				CLANG_WARN_RANGE_LOOP_ANALYSIS = YES;
				CLANG_WARN_STRICT_PROTOTYPES = YES;
				CLANG_WARN_SUSPICIOUS_MOVE = YES;
				CLANG_WARN_UNGUARDED_AVAILABILITY = YES_AGGRESSIVE;
				CLANG_WARN_UNREACHABLE_CODE = YES;
				CLANG_WARN__DUPLICATE_METHOD_MATCH = YES;
				COPY_PHASE_STRIP = NO;
				DEBUG_INFORMATION_FORMAT = "dwarf-with-dsym";
				ENABLE_NS_ASSERTIONS = NO;
				ENABLE_STRICT_OBJC_MSGSEND = YES;
				ENABLE_USER_SCRIPT_SANDBOXING = YES;
				GCC_C_LANGUAGE_STANDARD = gnu17;
				GCC_NO_COMMON_BLOCKS = YES;
				GCC_WARN_64_TO_32_BIT_CONVERSION = YES;
				GCC_WARN_ABOUT_RETURN_TYPE = YES_ERROR;
				GCC_WARN_UNDECLARED_SELECTOR = YES;
				GCC_WARN_UNINITIALIZED_AUTOS = YES_AGGRESSIVE;
				GCC_WARN_UNUSED_FUNCTION = YES;
				GCC_WARN_UNUSED_VARIABLE = YES;
				IPHONEOS_DEPLOYMENT_TARGET = 17.0;
				LOCALIZATION_PREFERS_STRING_CATALOGS = YES;
				MTL_ENABLE_DEBUG_INFO = NO;
				MTL_FAST_MATH = YES;
				SDKROOT = iphoneos;
				SWIFT_COMPILATION_MODE = wholemodule;
				VALIDATE_PRODUCT = YES;
			};
			name = Release;
		};
		D83EFA432AFCEED0004ABB03 /* Debug */ = {
			isa = XCBuildConfiguration;
			buildSettings = {
				ASSETCATALOG_COMPILER_APPICON_NAME = AppIcon;
				ASSETCATALOG_COMPILER_GLOBAL_ACCENT_COLOR_NAME = AccentColor;
				CODE_SIGN_STYLE = Automatic;
				CURRENT_PROJECT_VERSION = 1;
				DEVELOPMENT_TEAM = AM9D6522QR;
				GENERATE_INFOPLIST_FILE = YES;
				INFOPLIST_FILE = iTuneSearch/Info.plist;
				INFOPLIST_KEY_UIApplicationSupportsIndirectInputEvents = YES;
				INFOPLIST_KEY_UILaunchStoryboardName = LaunchScreen;
				INFOPLIST_KEY_UISupportedInterfaceOrientations_iPad = "UIInterfaceOrientationPortrait UIInterfaceOrientationPortraitUpsideDown UIInterfaceOrientationLandscapeLeft UIInterfaceOrientationLandscapeRight";
				INFOPLIST_KEY_UISupportedInterfaceOrientations_iPhone = "UIInterfaceOrientationPortrait UIInterfaceOrientationLandscapeLeft UIInterfaceOrientationLandscapeRight";
				LD_RUNPATH_SEARCH_PATHS = (
					"$(inherited)",
					"@executable_path/Frameworks",
				);
				MARKETING_VERSION = 1.0;
				PRODUCT_BUNDLE_IDENTIFIER = com.Sun.iTuneSearch;
				PRODUCT_NAME = "$(TARGET_NAME)";
				SWIFT_EMIT_LOC_STRINGS = YES;
				SWIFT_VERSION = 5.0;
				TARGETED_DEVICE_FAMILY = "1,2";
			};
			name = Debug;
		};
		D83EFA442AFCEED0004ABB03 /* Release */ = {
			isa = XCBuildConfiguration;
			buildSettings = {
				ASSETCATALOG_COMPILER_APPICON_NAME = AppIcon;
				ASSETCATALOG_COMPILER_GLOBAL_ACCENT_COLOR_NAME = AccentColor;
				CODE_SIGN_STYLE = Automatic;
				CURRENT_PROJECT_VERSION = 1;
				DEVELOPMENT_TEAM = AM9D6522QR;
				GENERATE_INFOPLIST_FILE = YES;
				INFOPLIST_FILE = iTuneSearch/Info.plist;
				INFOPLIST_KEY_UIApplicationSupportsIndirectInputEvents = YES;
				INFOPLIST_KEY_UILaunchStoryboardName = LaunchScreen;
				INFOPLIST_KEY_UISupportedInterfaceOrientations_iPad = "UIInterfaceOrientationPortrait UIInterfaceOrientationPortraitUpsideDown UIInterfaceOrientationLandscapeLeft UIInterfaceOrientationLandscapeRight";
				INFOPLIST_KEY_UISupportedInterfaceOrientations_iPhone = "UIInterfaceOrientationPortrait UIInterfaceOrientationLandscapeLeft UIInterfaceOrientationLandscapeRight";
				LD_RUNPATH_SEARCH_PATHS = (
					"$(inherited)",
					"@executable_path/Frameworks",
				);
				MARKETING_VERSION = 1.0;
				PRODUCT_BUNDLE_IDENTIFIER = com.Sun.iTuneSearch;
				PRODUCT_NAME = "$(TARGET_NAME)";
				SWIFT_EMIT_LOC_STRINGS = YES;
				SWIFT_VERSION = 5.0;
				TARGETED_DEVICE_FAMILY = "1,2";
			};
			name = Release;
		};
/* End XCBuildConfiguration section */

/* Begin XCConfigurationList section */
		D83EFA292AFCEECF004ABB03 /* Build configuration list for PBXProject "iTuneSearch" */ = {
			isa = XCConfigurationList;
			buildConfigurations = (
				D83EFA402AFCEED0004ABB03 /* Debug */,
				D83EFA412AFCEED0004ABB03 /* Release */,
			);
			defaultConfigurationIsVisible = 0;
			defaultConfigurationName = Release;
		};
		D83EFA422AFCEED0004ABB03 /* Build configuration list for PBXNativeTarget "iTuneSearch" */ = {
			isa = XCConfigurationList;
			buildConfigurations = (
				D83EFA432AFCEED0004ABB03 /* Debug */,
				D83EFA442AFCEED0004ABB03 /* Release */,
			);
			defaultConfigurationIsVisible = 0;
			defaultConfigurationName = Release;
		};
/* End XCConfigurationList section */

/* Begin XCRemoteSwiftPackageReference section */
		D83EFA4C2AFCF094004ABB03 /* XCRemoteSwiftPackageReference "SnapKit" */ = {
			isa = XCRemoteSwiftPackageReference;
			repositoryURL = "https://github.com/SnapKit/SnapKit.git";
			requirement = {
				kind = upToNextMajorVersion;
				minimumVersion = 5.6.0;
			};
		};
		D83EFA4F2AFCF09A004ABB03 /* XCRemoteSwiftPackageReference "Kingfisher" */ = {
			isa = XCRemoteSwiftPackageReference;
			repositoryURL = "https://github.com/onevcat/Kingfisher.git";
			requirement = {
				kind = upToNextMajorVersion;
				minimumVersion = 7.10.0;
			};
		};
		D83EFA522AFCF0B4004ABB03 /* XCRemoteSwiftPackageReference "RxSwift" */ = {
			isa = XCRemoteSwiftPackageReference;
			repositoryURL = "https://github.com/ReactiveX/RxSwift.git";
			requirement = {
				kind = upToNextMajorVersion;
				minimumVersion = 6.6.0;
			};
		};
		D83EFA622AFCF9F7004ABB03 /* XCRemoteSwiftPackageReference "RxDataSources" */ = {
			isa = XCRemoteSwiftPackageReference;
			repositoryURL = "https://github.com/RxSwiftCommunity/RxDataSources.git";
			requirement = {
				kind = upToNextMajorVersion;
				minimumVersion = 5.0.2;
			};
		};
		D83EFA6A2AFD0B4F004ABB03 /* XCRemoteSwiftPackageReference "Moya" */ = {
			isa = XCRemoteSwiftPackageReference;
			repositoryURL = "https://github.com/Moya/Moya.git";
			requirement = {
				kind = upToNextMajorVersion;
				minimumVersion = 15.0.3;
			};
		};
/* End XCRemoteSwiftPackageReference section */

/* Begin XCSwiftPackageProductDependency section */
		D83EFA4D2AFCF094004ABB03 /* SnapKit */ = {
			isa = XCSwiftPackageProductDependency;
			package = D83EFA4C2AFCF094004ABB03 /* XCRemoteSwiftPackageReference "SnapKit" */;
			productName = SnapKit;
		};
		D83EFA502AFCF09A004ABB03 /* Kingfisher */ = {
			isa = XCSwiftPackageProductDependency;
			package = D83EFA4F2AFCF09A004ABB03 /* XCRemoteSwiftPackageReference "Kingfisher" */;
			productName = Kingfisher;
		};
		D83EFA532AFCF0B4004ABB03 /* RxCocoa */ = {
			isa = XCSwiftPackageProductDependency;
			package = D83EFA522AFCF0B4004ABB03 /* XCRemoteSwiftPackageReference "RxSwift" */;
			productName = RxCocoa;
		};
		D83EFA552AFCF0B4004ABB03 /* RxRelay */ = {
			isa = XCSwiftPackageProductDependency;
			package = D83EFA522AFCF0B4004ABB03 /* XCRemoteSwiftPackageReference "RxSwift" */;
			productName = RxRelay;
		};
		D83EFA572AFCF0B4004ABB03 /* RxSwift */ = {
			isa = XCSwiftPackageProductDependency;
			package = D83EFA522AFCF0B4004ABB03 /* XCRemoteSwiftPackageReference "RxSwift" */;
			productName = RxSwift;
		};
		D83EFA632AFCF9F7004ABB03 /* RxDataSources */ = {
			isa = XCSwiftPackageProductDependency;
			package = D83EFA622AFCF9F7004ABB03 /* XCRemoteSwiftPackageReference "RxDataSources" */;
			productName = RxDataSources;
		};
		D83EFA6B2AFD0B4F004ABB03 /* Moya */ = {
			isa = XCSwiftPackageProductDependency;
			package = D83EFA6A2AFD0B4F004ABB03 /* XCRemoteSwiftPackageReference "Moya" */;
			productName = Moya;
		};
		D83EFA6D2AFD0B4F004ABB03 /* RxMoya */ = {
			isa = XCSwiftPackageProductDependency;
			package = D83EFA6A2AFD0B4F004ABB03 /* XCRemoteSwiftPackageReference "Moya" */;
			productName = RxMoya;
		};
/* End XCSwiftPackageProductDependency section */
	};
	rootObject = D83EFA262AFCEECF004ABB03 /* Project object */;
}
